// !$*UTF8*$!
{
	archiveVersion = 1;
	classes = {
	};
	objectVersion = 56;
	objects = {

/* Begin PBXBuildFile section */
		95666BDB2946A17A00CE94CD /* SwiftUI_TabBarAppApp.swift in Sources */ = {isa = PBXBuildFile; fileRef = 95666BDA2946A17A00CE94CD /* SwiftUI_TabBarAppApp.swift */; };
		95666BDD2946A17A00CE94CD /* ContentView.swift in Sources */ = {isa = PBXBuildFile; fileRef = 95666BDC2946A17A00CE94CD /* ContentView.swift */; };
		95666BDF2946A17B00CE94CD /* Assets.xcassets in Resources */ = {isa = PBXBuildFile; fileRef = 95666BDE2946A17B00CE94CD /* Assets.xcassets */; };
		95666BE22946A17B00CE94CD /* Preview Assets.xcassets in Resources */ = {isa = PBXBuildFile; fileRef = 95666BE12946A17B00CE94CD /* Preview Assets.xcassets */; };
		95666BEC2946A17B00CE94CD /* SwiftUI_TabBarAppTests.swift in Sources */ = {isa = PBXBuildFile; fileRef = 95666BEB2946A17B00CE94CD /* SwiftUI_TabBarAppTests.swift */; };
		95666BF62946A17B00CE94CD /* SwiftUI_TabBarAppUITests.swift in Sources */ = {isa = PBXBuildFile; fileRef = 95666BF52946A17B00CE94CD /* SwiftUI_TabBarAppUITests.swift */; };
		95666BF82946A17B00CE94CD /* SwiftUI_TabBarAppUITestsLaunchTests.swift in Sources */ = {isa = PBXBuildFile; fileRef = 95666BF72946A17B00CE94CD /* SwiftUI_TabBarAppUITestsLaunchTests.swift */; };
		95666C052946A18C00CE94CD /* TabAView.swift in Sources */ = {isa = PBXBuildFile; fileRef = 95666C042946A18C00CE94CD /* TabAView.swift */; };
		95666C072946A19600CE94CD /* TabBView.swift in Sources */ = {isa = PBXBuildFile; fileRef = 95666C062946A19600CE94CD /* TabBView.swift */; };
/* End PBXBuildFile section */

/* Begin PBXContainerItemProxy section */
		95666BE82946A17B00CE94CD /* PBXContainerItemProxy */ = {
			isa = PBXContainerItemProxy;
			containerPortal = 95666BCF2946A17A00CE94CD /* Project object */;
			proxyType = 1;
			remoteGlobalIDString = 95666BD62946A17A00CE94CD;
			remoteInfo = "SwiftUI-TabBarApp";
		};
		95666BF22946A17B00CE94CD /* PBXContainerItemProxy */ = {
			isa = PBXContainerItemProxy;
			containerPortal = 95666BCF2946A17A00CE94CD /* Project object */;
			proxyType = 1;
			remoteGlobalIDString = 95666BD62946A17A00CE94CD;
			remoteInfo = "SwiftUI-TabBarApp";
		};
/* End PBXContainerItemProxy section */

/* Begin PBXFileReference section */
		95666BD72946A17A00CE94CD /* SwiftUI-TabBarApp.app */ = {isa = PBXFileReference; explicitFileType = wrapper.application; includeInIndex = 0; path = "SwiftUI-TabBarApp.app"; sourceTree = BUILT_PRODUCTS_DIR; };
		95666BDA2946A17A00CE94CD /* SwiftUI_TabBarAppApp.swift */ = {isa = PBXFileReference; lastKnownFileType = sourcecode.swift; path = SwiftUI_TabBarAppApp.swift; sourceTree = "<group>"; };
		95666BDC2946A17A00CE94CD /* ContentView.swift */ = {isa = PBXFileReference; lastKnownFileType = sourcecode.swift; path = ContentView.swift; sourceTree = "<group>"; };
		95666BDE2946A17B00CE94CD /* Assets.xcassets */ = {isa = PBXFileReference; lastKnownFileType = folder.assetcatalog; path = Assets.xcassets; sourceTree = "<group>"; };
		95666BE12946A17B00CE94CD /* Preview Assets.xcassets */ = {isa = PBXFileReference; lastKnownFileType = folder.assetcatalog; path = "Preview Assets.xcassets"; sourceTree = "<group>"; };
		95666BE72946A17B00CE94CD /* SwiftUI-TabBarAppTests.xctest */ = {isa = PBXFileReference; explicitFileType = wrapper.cfbundle; includeInIndex = 0; path = "SwiftUI-TabBarAppTests.xctest"; sourceTree = BUILT_PRODUCTS_DIR; };
		95666BEB2946A17B00CE94CD /* SwiftUI_TabBarAppTests.swift */ = {isa = PBXFileReference; lastKnownFileType = sourcecode.swift; path = SwiftUI_TabBarAppTests.swift; sourceTree = "<group>"; };
		95666BF12946A17B00CE94CD /* SwiftUI-TabBarAppUITests.xctest */ = {isa = PBXFileReference; explicitFileType = wrapper.cfbundle; includeInIndex = 0; path = "SwiftUI-TabBarAppUITests.xctest"; sourceTree = BUILT_PRODUCTS_DIR; };
		95666BF52946A17B00CE94CD /* SwiftUI_TabBarAppUITests.swift */ = {isa = PBXFileReference; lastKnownFileType = sourcecode.swift; path = SwiftUI_TabBarAppUITests.swift; sourceTree = "<group>"; };
		95666BF72946A17B00CE94CD /* SwiftUI_TabBarAppUITestsLaunchTests.swift */ = {isa = PBXFileReference; lastKnownFileType = sourcecode.swift; path = SwiftUI_TabBarAppUITestsLaunchTests.swift; sourceTree = "<group>"; };
		95666C042946A18C00CE94CD /* TabAView.swift */ = {isa = PBXFileReference; lastKnownFileType = sourcecode.swift; path = TabAView.swift; sourceTree = "<group>"; };
		95666C062946A19600CE94CD /* TabBView.swift */ = {isa = PBXFileReference; lastKnownFileType = sourcecode.swift; path = TabBView.swift; sourceTree = "<group>"; };
/* End PBXFileReference section */

/* Begin PBXFrameworksBuildPhase section */
		95666BD42946A17A00CE94CD /* Frameworks */ = {
			isa = PBXFrameworksBuildPhase;
			buildActionMask = 2147483647;
			files = (
			);
			runOnlyForDeploymentPostprocessing = 0;
		};
		95666BE42946A17B00CE94CD /* Frameworks */ = {
			isa = PBXFrameworksBuildPhase;
			buildActionMask = 2147483647;
			files = (
			);
			runOnlyForDeploymentPostprocessing = 0;
		};
		95666BEE2946A17B00CE94CD /* Frameworks */ = {
			isa = PBXFrameworksBuildPhase;
			buildActionMask = 2147483647;
			files = (
			);
			runOnlyForDeploymentPostprocessing = 0;
		};
/* End PBXFrameworksBuildPhase section */

/* Begin PBXGroup section */
		95666BCE2946A17A00CE94CD = {
			isa = PBXGroup;
			children = (
				95666BD92946A17A00CE94CD /* SwiftUI-TabBarApp */,
				95666BEA2946A17B00CE94CD /* SwiftUI-TabBarAppTests */,
				95666BF42946A17B00CE94CD /* SwiftUI-TabBarAppUITests */,
				95666BD82946A17A00CE94CD /* Products */,
			);
			sourceTree = "<group>";
		};
		95666BD82946A17A00CE94CD /* Products */ = {
			isa = PBXGroup;
			children = (
				95666BD72946A17A00CE94CD /* SwiftUI-TabBarApp.app */,
				95666BE72946A17B00CE94CD /* SwiftUI-TabBarAppTests.xctest */,
				95666BF12946A17B00CE94CD /* SwiftUI-TabBarAppUITests.xctest */,
			);
			name = Products;
			sourceTree = "<group>";
		};
		95666BD92946A17A00CE94CD /* SwiftUI-TabBarApp */ = {
			isa = PBXGroup;
			children = (
				95666BDA2946A17A00CE94CD /* SwiftUI_TabBarAppApp.swift */,
				95666BDC2946A17A00CE94CD /* ContentView.swift */,
				95666C042946A18C00CE94CD /* TabAView.swift */,
				95666C062946A19600CE94CD /* TabBView.swift */,
				95666BDE2946A17B00CE94CD /* Assets.xcassets */,
				95666BE02946A17B00CE94CD /* Preview Content */,
			);
			path = "SwiftUI-TabBarApp";
			sourceTree = "<group>";
		};
		95666BE02946A17B00CE94CD /* Preview Content */ = {
			isa = PBXGroup;
			children = (
				95666BE12946A17B00CE94CD /* Preview Assets.xcassets */,
			);
			path = "Preview Content";
			sourceTree = "<group>";
		};
		95666BEA2946A17B00CE94CD /* SwiftUI-TabBarAppTests */ = {
			isa = PBXGroup;
			children = (
				95666BEB2946A17B00CE94CD /* SwiftUI_TabBarAppTests.swift */,
			);
			path = "SwiftUI-TabBarAppTests";
			sourceTree = "<group>";
		};
		95666BF42946A17B00CE94CD /* SwiftUI-TabBarAppUITests */ = {
			isa = PBXGroup;
			children = (
				95666BF52946A17B00CE94CD /* SwiftUI_TabBarAppUITests.swift */,
				95666BF72946A17B00CE94CD /* SwiftUI_TabBarAppUITestsLaunchTests.swift */,
			);
			path = "SwiftUI-TabBarAppUITests";
			sourceTree = "<group>";
		};
/* End PBXGroup section */

/* Begin PBXNativeTarget section */
		95666BD62946A17A00CE94CD /* SwiftUI-TabBarApp */ = {
			isa = PBXNativeTarget;
			buildConfigurationList = 95666BFB2946A17B00CE94CD /* Build configuration list for PBXNativeTarget "SwiftUI-TabBarApp" */;
			buildPhases = (
				95666BD32946A17A00CE94CD /* Sources */,
				95666BD42946A17A00CE94CD /* Frameworks */,
				95666BD52946A17A00CE94CD /* Resources */,
			);
			buildRules = (
			);
			dependencies = (
			);
			name = "SwiftUI-TabBarApp";
			productName = "SwiftUI-TabBarApp";
			productReference = 95666BD72946A17A00CE94CD /* SwiftUI-TabBarApp.app */;
			productType = "com.apple.product-type.application";
		};
		95666BE62946A17B00CE94CD /* SwiftUI-TabBarAppTests */ = {
			isa = PBXNativeTarget;
			buildConfigurationList = 95666BFE2946A17B00CE94CD /* Build configuration list for PBXNativeTarget "SwiftUI-TabBarAppTests" */;
			buildPhases = (
				95666BE32946A17B00CE94CD /* Sources */,
				95666BE42946A17B00CE94CD /* Frameworks */,
				95666BE52946A17B00CE94CD /* Resources */,
			);
			buildRules = (
			);
			dependencies = (
				95666BE92946A17B00CE94CD /* PBXTargetDependency */,
			);
			name = "SwiftUI-TabBarAppTests";
			productName = "SwiftUI-TabBarAppTests";
			productReference = 95666BE72946A17B00CE94CD /* SwiftUI-TabBarAppTests.xctest */;
			productType = "com.apple.product-type.bundle.unit-test";
		};
		95666BF02946A17B00CE94CD /* SwiftUI-TabBarAppUITests */ = {
			isa = PBXNativeTarget;
			buildConfigurationList = 95666C012946A17B00CE94CD /* Build configuration list for PBXNativeTarget "SwiftUI-TabBarAppUITests" */;
			buildPhases = (
				95666BED2946A17B00CE94CD /* Sources */,
				95666BEE2946A17B00CE94CD /* Frameworks */,
				95666BEF2946A17B00CE94CD /* Resources */,
			);
			buildRules = (
			);
			dependencies = (
				95666BF32946A17B00CE94CD /* PBXTargetDependency */,
			);
			name = "SwiftUI-TabBarAppUITests";
			productName = "SwiftUI-TabBarAppUITests";
			productReference = 95666BF12946A17B00CE94CD /* SwiftUI-TabBarAppUITests.xctest */;
			productType = "com.apple.product-type.bundle.ui-testing";
		};
/* End PBXNativeTarget section */

/* Begin PBXProject section */
		95666BCF2946A17A00CE94CD /* Project object */ = {
			isa = PBXProject;
			attributes = {
				BuildIndependentTargetsInParallel = 1;
				LastSwiftUpdateCheck = 1410;
				LastUpgradeCheck = 1410;
				TargetAttributes = {
					95666BD62946A17A00CE94CD = {
						CreatedOnToolsVersion = 14.1;
					};
					95666BE62946A17B00CE94CD = {
						CreatedOnToolsVersion = 14.1;
						TestTargetID = 95666BD62946A17A00CE94CD;
					};
					95666BF02946A17B00CE94CD = {
						CreatedOnToolsVersion = 14.1;
						TestTargetID = 95666BD62946A17A00CE94CD;
					};
				};
			};
			buildConfigurationList = 95666BD22946A17A00CE94CD /* Build configuration list for PBXProject "SwiftUI-TabBarApp" */;
			compatibilityVersion = "Xcode 14.0";
			developmentRegion = en;
			hasScannedForEncodings = 0;
			knownRegions = (
				en,
				Base,
			);
			mainGroup = 95666BCE2946A17A00CE94CD;
			productRefGroup = 95666BD82946A17A00CE94CD /* Products */;
			projectDirPath = "";
			projectRoot = "";
			targets = (
				95666BD62946A17A00CE94CD /* SwiftUI-TabBarApp */,
				95666BE62946A17B00CE94CD /* SwiftUI-TabBarAppTests */,
				95666BF02946A17B00CE94CD /* SwiftUI-TabBarAppUITests */,
			);
		};
/* End PBXProject section */

/* Begin PBXResourcesBuildPhase section */
		95666BD52946A17A00CE94CD /* Resources */ = {
			isa = PBXResourcesBuildPhase;
			buildActionMask = 2147483647;
			files = (
				95666BE22946A17B00CE94CD /* Preview Assets.xcassets in Resources */,
				95666BDF2946A17B00CE94CD /* Assets.xcassets in Resources */,
			);
			runOnlyForDeploymentPostprocessing = 0;
		};
		95666BE52946A17B00CE94CD /* Resources */ = {
			isa = PBXResourcesBuildPhase;
			buildActionMask = 2147483647;
			files = (
			);
			runOnlyForDeploymentPostprocessing = 0;
		};
		95666BEF2946A17B00CE94CD /* Resources */ = {
			isa = PBXResourcesBuildPhase;
			buildActionMask = 2147483647;
			files = (
			);
			runOnlyForDeploymentPostprocessing = 0;
		};
/* End PBXResourcesBuildPhase section */

/* Begin PBXSourcesBuildPhase section */
		95666BD32946A17A00CE94CD /* Sources */ = {
			isa = PBXSourcesBuildPhase;
			buildActionMask = 2147483647;
			files = (
				95666BDD2946A17A00CE94CD /* ContentView.swift in Sources */,
				95666C072946A19600CE94CD /* TabBView.swift in Sources */,
				95666BDB2946A17A00CE94CD /* SwiftUI_TabBarAppApp.swift in Sources */,
				95666C052946A18C00CE94CD /* TabAView.swift in Sources */,
			);
			runOnlyForDeploymentPostprocessing = 0;
		};
		95666BE32946A17B00CE94CD /* Sources */ = {
			isa = PBXSourcesBuildPhase;
			buildActionMask = 2147483647;
			files = (
				95666BEC2946A17B00CE94CD /* SwiftUI_TabBarAppTests.swift in Sources */,
			);
			runOnlyForDeploymentPostprocessing = 0;
		};
		95666BED2946A17B00CE94CD /* Sources */ = {
			isa = PBXSourcesBuildPhase;
			buildActionMask = 2147483647;
			files = (
				95666BF82946A17B00CE94CD /* SwiftUI_TabBarAppUITestsLaunchTests.swift in Sources */,
				95666BF62946A17B00CE94CD /* SwiftUI_TabBarAppUITests.swift in Sources */,
			);
			runOnlyForDeploymentPostprocessing = 0;
		};
/* End PBXSourcesBuildPhase section */

/* Begin PBXTargetDependency section */
		95666BE92946A17B00CE94CD /* PBXTargetDependency */ = {
			isa = PBXTargetDependency;
			target = 95666BD62946A17A00CE94CD /* SwiftUI-TabBarApp */;
			targetProxy = 95666BE82946A17B00CE94CD /* PBXContainerItemProxy */;
		};
		95666BF32946A17B00CE94CD /* PBXTargetDependency */ = {
			isa = PBXTargetDependency;
			target = 95666BD62946A17A00CE94CD /* SwiftUI-TabBarApp */;
			targetProxy = 95666BF22946A17B00CE94CD /* PBXContainerItemProxy */;
		};
/* End PBXTargetDependency section */

/* Begin XCBuildConfiguration section */
		95666BF92946A17B00CE94CD /* Debug */ = {
			isa = XCBuildConfiguration;
			buildSettings = {
				ALWAYS_SEARCH_USER_PATHS = NO;
				CLANG_ANALYZER_NONNULL = YES;
				CLANG_ANALYZER_NUMBER_OBJECT_CONVERSION = YES_AGGRESSIVE;
				CLANG_CXX_LANGUAGE_STANDARD = "gnu++20";
				CLANG_ENABLE_MODULES = YES;
				CLANG_ENABLE_OBJC_ARC = YES;
				CLANG_ENABLE_OBJC_WEAK = YES;
				CLANG_WARN_BLOCK_CAPTURE_AUTORELEASING = YES;
				CLANG_WARN_BOOL_CONVERSION = YES;
				CLANG_WARN_COMMA = YES;
				CLANG_WARN_CONSTANT_CONVERSION = YES;
				CLANG_WARN_DEPRECATED_OBJC_IMPLEMENTATIONS = YES;
				CLANG_WARN_DIRECT_OBJC_ISA_USAGE = YES_ERROR;
				CLANG_WARN_DOCUMENTATION_COMMENTS = YES;
				CLANG_WARN_EMPTY_BODY = YES;
				CLANG_WARN_ENUM_CONVERSION = YES;
				CLANG_WARN_INFINITE_RECURSION = YES;
				CLANG_WARN_INT_CONVERSION = YES;
				CLANG_WARN_NON_LITERAL_NULL_CONVERSION = YES;
				CLANG_WARN_OBJC_IMPLICIT_RETAIN_SELF = YES;
				CLANG_WARN_OBJC_LITERAL_CONVERSION = YES;
				CLANG_WARN_OBJC_ROOT_CLASS = YES_ERROR;
				CLANG_WARN_QUOTED_INCLUDE_IN_FRAMEWORK_HEADER = YES;
				CLANG_WARN_RANGE_LOOP_ANALYSIS = YES;
				CLANG_WARN_STRICT_PROTOTYPES = YES;
				CLANG_WARN_SUSPICIOUS_MOVE = YES;
				CLANG_WARN_UNGUARDED_AVAILABILITY = YES_AGGRESSIVE;
				CLANG_WARN_UNREACHABLE_CODE = YES;
				CLANG_WARN__DUPLICATE_METHOD_MATCH = YES;
				COPY_PHASE_STRIP = NO;
				DEBUG_INFORMATION_FORMAT = dwarf;
				ENABLE_STRICT_OBJC_MSGSEND = YES;
				ENABLE_TESTABILITY = YES;
				GCC_C_LANGUAGE_STANDARD = gnu11;
				GCC_DYNAMIC_NO_PIC = NO;
				GCC_NO_COMMON_BLOCKS = YES;
				GCC_OPTIMIZATION_LEVEL = 0;
				GCC_PREPROCESSOR_DEFINITIONS = (
					"DEBUG=1",
					"$(inherited)",
				);
				GCC_WARN_64_TO_32_BIT_CONVERSION = YES;
				GCC_WARN_ABOUT_RETURN_TYPE = YES_ERROR;
				GCC_WARN_UNDECLARED_SELECTOR = YES;
				GCC_WARN_UNINITIALIZED_AUTOS = YES_AGGRESSIVE;
				GCC_WARN_UNUSED_FUNCTION = YES;
				GCC_WARN_UNUSED_VARIABLE = YES;
				IPHONEOS_DEPLOYMENT_TARGET = 16.1;
				MTL_ENABLE_DEBUG_INFO = INCLUDE_SOURCE;
				MTL_FAST_MATH = YES;
				ONLY_ACTIVE_ARCH = YES;
				SDKROOT = iphoneos;
				SWIFT_ACTIVE_COMPILATION_CONDITIONS = DEBUG;
				SWIFT_OPTIMIZATION_LEVEL = "-Onone";
			};
			name = Debug;
		};
		95666BFA2946A17B00CE94CD /* Release */ = {
			isa = XCBuildConfiguration;
			buildSettings = {
				ALWAYS_SEARCH_USER_PATHS = NO;
				CLANG_ANALYZER_NONNULL = YES;
				CLANG_ANALYZER_NUMBER_OBJECT_CONVERSION = YES_AGGRESSIVE;
				CLANG_CXX_LANGUAGE_STANDARD = "gnu++20";
				CLANG_ENABLE_MODULES = YES;
				CLANG_ENABLE_OBJC_ARC = YES;
				CLANG_ENABLE_OBJC_WEAK = YES;
				CLANG_WARN_BLOCK_CAPTURE_AUTORELEASING = YES;
				CLANG_WARN_BOOL_CONVERSION = YES;
				CLANG_WARN_COMMA = YES;
				CLANG_WARN_CONSTANT_CONVERSION = YES;
				CLANG_WARN_DEPRECATED_OBJC_IMPLEMENTATIONS = YES;
				CLANG_WARN_DIRECT_OBJC_ISA_USAGE = YES_ERROR;
				CLANG_WARN_DOCUMENTATION_COMMENTS = YES;
				CLANG_WARN_EMPTY_BODY = YES;
				CLANG_WARN_ENUM_CONVERSION = YES;
				CLANG_WARN_INFINITE_RECURSION = YES;
				CLANG_WARN_INT_CONVERSION = YES;
				CLANG_WARN_NON_LITERAL_NULL_CONVERSION = YES;
				CLANG_WARN_OBJC_IMPLICIT_RETAIN_SELF = YES;
				CLANG_WARN_OBJC_LITERAL_CONVERSION = YES;
				CLANG_WARN_OBJC_ROOT_CLASS = YES_ERROR;
				CLANG_WARN_QUOTED_INCLUDE_IN_FRAMEWORK_HEADER = YES;
				CLANG_WARN_RANGE_LOOP_ANALYSIS = YES;
				CLANG_WARN_STRICT_PROTOTYPES = YES;
				CLANG_WARN_SUSPICIOUS_MOVE = YES;
				CLANG_WARN_UNGUARDED_AVAILABILITY = YES_AGGRESSIVE;
				CLANG_WARN_UNREACHABLE_CODE = YES;
				CLANG_WARN__DUPLICATE_METHOD_MATCH = YES;
				COPY_PHASE_STRIP = NO;
				DEBUG_INFORMATION_FORMAT = "dwarf-with-dsym";
				ENABLE_NS_ASSERTIONS = NO;
				ENABLE_STRICT_OBJC_MSGSEND = YES;
				GCC_C_LANGUAGE_STANDARD = gnu11;
				GCC_NO_COMMON_BLOCKS = YES;
				GCC_WARN_64_TO_32_BIT_CONVERSION = YES;
				GCC_WARN_ABOUT_RETURN_TYPE = YES_ERROR;
				GCC_WARN_UNDECLARED_SELECTOR = YES;
				GCC_WARN_UNINITIALIZED_AUTOS = YES_AGGRESSIVE;
				GCC_WARN_UNUSED_FUNCTION = YES;
				GCC_WARN_UNUSED_VARIABLE = YES;
				IPHONEOS_DEPLOYMENT_TARGET = 16.1;
				MTL_ENABLE_DEBUG_INFO = NO;
				MTL_FAST_MATH = YES;
				SDKROOT = iphoneos;
				SWIFT_COMPILATION_MODE = wholemodule;
				SWIFT_OPTIMIZATION_LEVEL = "-O";
				VALIDATE_PRODUCT = YES;
			};
			name = Release;
		};
		95666BFC2946A17B00CE94CD /* Debug */ = {
			isa = XCBuildConfiguration;
			buildSettings = {
				ASSETCATALOG_COMPILER_APPICON_NAME = AppIcon;
				ASSETCATALOG_COMPILER_GLOBAL_ACCENT_COLOR_NAME = AccentColor;
				CODE_SIGN_STYLE = Automatic;
				CURRENT_PROJECT_VERSION = 1;
				DEVELOPMENT_ASSET_PATHS = "\"SwiftUI-TabBarApp/Preview Content\"";
				DEVELOPMENT_TEAM = 7X9S244452;
				ENABLE_PREVIEWS = YES;
				GENERATE_INFOPLIST_FILE = YES;
				INFOPLIST_KEY_UIApplicationSceneManifest_Generation = YES;
				INFOPLIST_KEY_UIApplicationSupportsIndirectInputEvents = YES;
				INFOPLIST_KEY_UILaunchScreen_Generation = YES;
				INFOPLIST_KEY_UISupportedInterfaceOrientations_iPad = "UIInterfaceOrientationPortrait UIInterfaceOrientationPortraitUpsideDown UIInterfaceOrientationLandscapeLeft UIInterfaceOrientationLandscapeRight";
				INFOPLIST_KEY_UISupportedInterfaceOrientations_iPhone = "UIInterfaceOrientationPortrait UIInterfaceOrientationLandscapeLeft UIInterfaceOrientationLandscapeRight";
				LD_RUNPATH_SEARCH_PATHS = (
					"$(inherited)",
					"@executable_path/Frameworks",
				);
				MARKETING_VERSION = 1.0;
				PRODUCT_BUNDLE_IDENTIFIER = "com.mkondo.SwiftUI-TabBarApp";
				PRODUCT_NAME = "$(TARGET_NAME)";
				SWIFT_EMIT_LOC_STRINGS = YES;
				SWIFT_VERSION = 5.0;
				TARGETED_DEVICE_FAMILY = "1,2";
			};
			name = Debug;
		};
		95666BFD2946A17B00CE94CD /* Release */ = {
			isa = XCBuildConfiguration;
			buildSettings = {
				ASSETCATALOG_COMPILER_APPICON_NAME = AppIcon;
				ASSETCATALOG_COMPILER_GLOBAL_ACCENT_COLOR_NAME = AccentColor;
				CODE_SIGN_STYLE = Automatic;
				CURRENT_PROJECT_VERSION = 1;
				DEVELOPMENT_ASSET_PATHS = "\"SwiftUI-TabBarApp/Preview Content\"";
				DEVELOPMENT_TEAM = 7X9S244452;
				ENABLE_PREVIEWS = YES;
				GENERATE_INFOPLIST_FILE = YES;
				INFOPLIST_KEY_UIApplicationSceneManifest_Generation = YES;
				INFOPLIST_KEY_UIApplicationSupportsIndirectInputEvents = YES;
				INFOPLIST_KEY_UILaunchScreen_Generation = YES;
				INFOPLIST_KEY_UISupportedInterfaceOrientations_iPad = "UIInterfaceOrientationPortrait UIInterfaceOrientationPortraitUpsideDown UIInterfaceOrientationLandscapeLeft UIInterfaceOrientationLandscapeRight";
				INFOPLIST_KEY_UISupportedInterfaceOrientations_iPhone = "UIInterfaceOrientationPortrait UIInterfaceOrientationLandscapeLeft UIInterfaceOrientationLandscapeRight";
				LD_RUNPATH_SEARCH_PATHS = (
					"$(inherited)",
					"@executable_path/Frameworks",
				);
				MARKETING_VERSION = 1.0;
				PRODUCT_BUNDLE_IDENTIFIER = "com.mkondo.SwiftUI-TabBarApp";
				PRODUCT_NAME = "$(TARGET_NAME)";
				SWIFT_EMIT_LOC_STRINGS = YES;
				SWIFT_VERSION = 5.0;
				TARGETED_DEVICE_FAMILY = "1,2";
			};
			name = Release;
		};
		95666BFF2946A17B00CE94CD /* Debug */ = {
			isa = XCBuildConfiguration;
			buildSettings = {
				ALWAYS_EMBED_SWIFT_STANDARD_LIBRARIES = YES;
				BUNDLE_LOADER = "$(TEST_HOST)";
				CODE_SIGN_STYLE = Automatic;
				CURRENT_PROJECT_VERSION = 1;
				DEVELOPMENT_TEAM = 7X9S244452;
				GENERATE_INFOPLIST_FILE = YES;
				IPHONEOS_DEPLOYMENT_TARGET = 16.1;
				MARKETING_VERSION = 1.0;
				PRODUCT_BUNDLE_IDENTIFIER = "com.mkondo.SwiftUI-TabBarAppTests";
				PRODUCT_NAME = "$(TARGET_NAME)";
				SWIFT_EMIT_LOC_STRINGS = NO;
				SWIFT_VERSION = 5.0;
				TARGETED_DEVICE_FAMILY = "1,2";
				TEST_HOST = "$(BUILT_PRODUCTS_DIR)/SwiftUI-TabBarApp.app/$(BUNDLE_EXECUTABLE_FOLDER_PATH)/SwiftUI-TabBarApp";
			};
			name = Debug;
		};
		95666C002946A17B00CE94CD /* Release */ = {
			isa = XCBuildConfiguration;
			buildSettings = {
				ALWAYS_EMBED_SWIFT_STANDARD_LIBRARIES = YES;
				BUNDLE_LOADER = "$(TEST_HOST)";
				CODE_SIGN_STYLE = Automatic;
				CURRENT_PROJECT_VERSION = 1;
				DEVELOPMENT_TEAM = 7X9S244452;
				GENERATE_INFOPLIST_FILE = YES;
				IPHONEOS_DEPLOYMENT_TARGET = 16.1;
				MARKETING_VERSION = 1.0;
				PRODUCT_BUNDLE_IDENTIFIER = "com.mkondo.SwiftUI-TabBarAppTests";
				PRODUCT_NAME = "$(TARGET_NAME)";
				SWIFT_EMIT_LOC_STRINGS = NO;
				SWIFT_VERSION = 5.0;
				TARGETED_DEVICE_FAMILY = "1,2";
				TEST_HOST = "$(BUILT_PRODUCTS_DIR)/SwiftUI-TabBarApp.app/$(BUNDLE_EXECUTABLE_FOLDER_PATH)/SwiftUI-TabBarApp";
			};
			name = Release;
		};
		95666C022946A17B00CE94CD /* Debug */ = {
			isa = XCBuildConfiguration;
			buildSettings = {
				ALWAYS_EMBED_SWIFT_STANDARD_LIBRARIES = YES;
				CODE_SIGN_STYLE = Automatic;
				CURRENT_PROJECT_VERSION = 1;
				DEVELOPMENT_TEAM = 7X9S244452;
				GENERATE_INFOPLIST_FILE = YES;
				MARKETING_VERSION = 1.0;
				PRODUCT_BUNDLE_IDENTIFIER = "com.mkondo.SwiftUI-TabBarAppUITests";
				PRODUCT_NAME = "$(TARGET_NAME)";
				SWIFT_EMIT_LOC_STRINGS = NO;
				SWIFT_VERSION = 5.0;
				TARGETED_DEVICE_FAMILY = "1,2";
				TEST_TARGET_NAME = "SwiftUI-TabBarApp";
			};
			name = Debug;
		};
		95666C032946A17B00CE94CD /* Release */ = {
			isa = XCBuildConfiguration;
			buildSettings = {
				ALWAYS_EMBED_SWIFT_STANDARD_LIBRARIES = YES;
				CODE_SIGN_STYLE = Automatic;
				CURRENT_PROJECT_VERSION = 1;
				DEVELOPMENT_TEAM = 7X9S244452;
				GENERATE_INFOPLIST_FILE = YES;
				MARKETING_VERSION = 1.0;
				PRODUCT_BUNDLE_IDENTIFIER = "com.mkondo.SwiftUI-TabBarAppUITests";
				PRODUCT_NAME = "$(TARGET_NAME)";
				SWIFT_EMIT_LOC_STRINGS = NO;
				SWIFT_VERSION = 5.0;
				TARGETED_DEVICE_FAMILY = "1,2";
				TEST_TARGET_NAME = "SwiftUI-TabBarApp";
			};
			name = Release;
		};
/* End XCBuildConfiguration section */

/* Begin XCConfigurationList section */
		95666BD22946A17A00CE94CD /* Build configuration list for PBXProject "SwiftUI-TabBarApp" */ = {
			isa = XCConfigurationList;
			buildConfigurations = (
				95666BF92946A17B00CE94CD /* Debug */,
				95666BFA2946A17B00CE94CD /* Release */,
			);
			defaultConfigurationIsVisible = 0;
			defaultConfigurationName = Release;
		};
		95666BFB2946A17B00CE94CD /* Build configuration list for PBXNativeTarget "SwiftUI-TabBarApp" */ = {
			isa = XCConfigurationList;
			buildConfigurations = (
				95666BFC2946A17B00CE94CD /* Debug */,
				95666BFD2946A17B00CE94CD /* Release */,
			);
			defaultConfigurationIsVisible = 0;
			defaultConfigurationName = Release;
		};
		95666BFE2946A17B00CE94CD /* Build configuration list for PBXNativeTarget "SwiftUI-TabBarAppTests" */ = {
			isa = XCConfigurationList;
			buildConfigurations = (
				95666BFF2946A17B00CE94CD /* Debug */,
				95666C002946A17B00CE94CD /* Release */,
			);
			defaultConfigurationIsVisible = 0;
			defaultConfigurationName = Release;
		};
		95666C012946A17B00CE94CD /* Build configuration list for PBXNativeTarget "SwiftUI-TabBarAppUITests" */ = {
			isa = XCConfigurationList;
			buildConfigurations = (
				95666C022946A17B00CE94CD /* Debug */,
				95666C032946A17B00CE94CD /* Release */,
			);
			defaultConfigurationIsVisible = 0;
			defaultConfigurationName = Release;
		};
/* End XCConfigurationList section */
	};
	rootObject = 95666BCF2946A17A00CE94CD /* Project object */;
}
